
Microsoft Visual Studio Solution File, Format Version 12.00
# Visual Studio Version 16
VisualStudioVersion = 16.0.29926.136
MinimumVisualStudioVersion = 10.0.40219.1
Project("{FAE04EC0-301F-11D3-BF4B-00C04F79EFBC}") = "CVTomasHerrero", "CVTomasHerrero\CVTomasHerrero.csproj", "{BC618DCA-1D96-4654-A7AA-14CA67D8149E}"
EndProject
Global
	GlobalSection(SolutionConfigurationPlatforms) = preSolution
		Debug|Any CPU = Debug|Any CPU
		Release|Any CPU = Release|Any CPU
	EndGlobalSection
	GlobalSection(ProjectConfigurationPlatforms) = postSolution
		{BC618DCA-1D96-4654-A7AA-14CA67D8149E}.Debug|Any CPU.ActiveCfg = Debug|Any CPU
		{BC618DCA-1D96-4654-A7AA-14CA67D8149E}.Debug|Any CPU.Build.0 = Debug|Any CPU
		{BC618DCA-1D96-4654-A7AA-14CA67D8149E}.Release|Any CPU.ActiveCfg = Release|Any CPU
		{BC618DCA-1D96-4654-A7AA-14CA67D8149E}.Release|Any CPU.Build.0 = Release|Any CPU
	EndGlobalSection
	GlobalSection(SolutionProperties) = preSolution
		HideSolutionNode = FALSE
	EndGlobalSection
	GlobalSection(ExtensibilityGlobals) = postSolution
		SolutionGuid = {E9054B3E-417C-4248-A3D5-EB7F1A484E16}
	EndGlobalSection
EndGlobal
